
Microsoft Visual Studio Solution File, Format Version 12.00
# Visual Studio Version 16
VisualStudioVersion = 16.0.30503.244
MinimumVisualStudioVersion = 10.0.40219.1
Project("{9A19103F-16F7-4668-BE54-9A1E7A4F7556}") = "Online Grocery Store", "Online Grocery Store\Online Grocery Store.csproj", "{7157FAC8-144B-4AA2-B09D-0DC3C47CDF5A}"
EndProject
Global
	GlobalSection(SolutionConfigurationPlatforms) = preSolution
		Debug|Any CPU = Debug|Any CPU
		Release|Any CPU = Release|Any CPU
	EndGlobalSection
	GlobalSection(ProjectConfigurationPlatforms) = postSolution
		{7157FAC8-144B-4AA2-B09D-0DC3C47CDF5A}.Debug|Any CPU.ActiveCfg = Release|Any CPU
		{7157FAC8-144B-4AA2-B09D-0DC3C47CDF5A}.Debug|Any CPU.Build.0 = Release|Any CPU
		{7157FAC8-144B-4AA2-B09D-0DC3C47CDF5A}.Release|Any CPU.ActiveCfg = Release|Any CPU
		{7157FAC8-144B-4AA2-B09D-0DC3C47CDF5A}.Release|Any CPU.Build.0 = Release|Any CPU
	EndGlobalSection
	GlobalSection(SolutionProperties) = preSolution
		HideSolutionNode = FALSE
	EndGlobalSection
	GlobalSection(ExtensibilityGlobals) = postSolution
		SolutionGuid = {324C8728-B194-4828-B304-3A0DE525CD0C}
	EndGlobalSection
EndGlobal
